
Microsoft Visual Studio Solution File, Format Version 12.00
# Visual Studio Version 17
VisualStudioVersion = 17.2.32616.157
MinimumVisualStudioVersion = 10.0.40219.1
Project("{FAE04EC0-301F-11D3-BF4B-00C04F79EFBC}") = "AdjustValue", "AdjustValue\AdjustValue.csproj", "{0B3C7B0E-A272-451D-9D7B-A1FD4C1DE00C}"
EndProject
Global
	GlobalSection(SolutionConfigurationPlatforms) = preSolution
		Debug|Any CPU = Debug|Any CPU
		Release|Any CPU = Release|Any CPU
	EndGlobalSection
	GlobalSection(ProjectConfigurationPlatforms) = postSolution
		{0B3C7B0E-A272-451D-9D7B-A1FD4C1DE00C}.Debug|Any CPU.ActiveCfg = Debug|Any CPU
		{0B3C7B0E-A272-451D-9D7B-A1FD4C1DE00C}.Debug|Any CPU.Build.0 = Debug|Any CPU
		{0B3C7B0E-A272-451D-9D7B-A1FD4C1DE00C}.Release|Any CPU.ActiveCfg = Release|Any CPU
		{0B3C7B0E-A272-451D-9D7B-A1FD4C1DE00C}.Release|Any CPU.Build.0 = Release|Any CPU
	EndGlobalSection
	GlobalSection(SolutionProperties) = preSolution
		HideSolutionNode = FALSE
	EndGlobalSection
	GlobalSection(ExtensibilityGlobals) = postSolution
		SolutionGuid = {D11B7069-1427-413A-AA99-3D9F54F0BB7E}
	EndGlobalSection
EndGlobal
